
Microsoft Visual Studio Solution File, Format Version 12.00
# Visual Studio Version 17
VisualStudioVersion = 17.7.33920.267
MinimumVisualStudioVersion = 10.0.40219.1
Project("{FAE04EC0-301F-11D3-BF4B-00C04F79EFBC}") = "AI_Test_Parse_Value", "AI_Test_Parse_Value\AI_Test_Parse_Value.csproj", "{497DFE2E-9AEE-4A14-B668-7BED50748315}"
EndProject
Global
	GlobalSection(SolutionConfigurationPlatforms) = preSolution
		Debug|Any CPU = Debug|Any CPU
		Release|Any CPU = Release|Any CPU
	EndGlobalSection
	GlobalSection(ProjectConfigurationPlatforms) = postSolution
		{497DFE2E-9AEE-4A14-B668-7BED50748315}.Debug|Any CPU.ActiveCfg = Debug|Any CPU
		{497DFE2E-9AEE-4A14-B668-7BED50748315}.Debug|Any CPU.Build.0 = Debug|Any CPU
		{497DFE2E-9AEE-4A14-B668-7BED50748315}.Release|Any CPU.ActiveCfg = Release|Any CPU
		{497DFE2E-9AEE-4A14-B668-7BED50748315}.Release|Any CPU.Build.0 = Release|Any CPU
	EndGlobalSection
	GlobalSection(SolutionProperties) = preSolution
		HideSolutionNode = FALSE
	EndGlobalSection
	GlobalSection(ExtensibilityGlobals) = postSolution
		SolutionGuid = {2BBD3C16-DC32-4FCA-A7FC-55F7C9EC5F47}
	EndGlobalSection
EndGlobal
